
Microsoft Visual Studio Solution File, Format Version 12.00
# Visual Studio Version 17
VisualStudioVersion = 17.9.34723.18
MinimumVisualStudioVersion = 10.0.40219.1
Project("{FAE04EC0-301F-11D3-BF4B-00C04F79EFBC}") = "Handout", "Handout\Handout.csproj", "{A83D66DA-EF65-47F8-B96F-B7BAF139FE53}"
EndProject
Global
	GlobalSection(SolutionConfigurationPlatforms) = preSolution
		Debug|Any CPU = Debug|Any CPU
		Release|Any CPU = Release|Any CPU
	EndGlobalSection
	GlobalSection(ProjectConfigurationPlatforms) = postSolution
		{A83D66DA-EF65-47F8-B96F-B7BAF139FE53}.Debug|Any CPU.ActiveCfg = Debug|Any CPU
		{A83D66DA-EF65-47F8-B96F-B7BAF139FE53}.Debug|Any CPU.Build.0 = Debug|Any CPU
		{A83D66DA-EF65-47F8-B96F-B7BAF139FE53}.Release|Any CPU.ActiveCfg = Release|Any CPU
		{A83D66DA-EF65-47F8-B96F-B7BAF139FE53}.Release|Any CPU.Build.0 = Release|Any CPU
	EndGlobalSection
	GlobalSection(SolutionProperties) = preSolution
		HideSolutionNode = FALSE
	EndGlobalSection
	GlobalSection(ExtensibilityGlobals) = postSolution
		SolutionGuid = {8822F3CA-A176-4422-9229-EF8A5A405072}
	EndGlobalSection
EndGlobal
